
Microsoft Visual Studio Solution File, Format Version 12.00
# Visual Studio Version 16
VisualStudioVersion = 16.0.29806.167
MinimumVisualStudioVersion = 10.0.40219.1
Project("{8BC9CEB8-8B4A-11D0-8D11-00A0C91BC942}") = "강의4", "강의4.vcxproj", "{E777A9F2-2EB6-4A3F-B2A2-5152E00B6E39}"
EndProject
Global
	GlobalSection(SolutionConfigurationPlatforms) = preSolution
		Debug|x64 = Debug|x64
		Debug|x86 = Debug|x86
		Release|x64 = Release|x64
		Release|x86 = Release|x86
	EndGlobalSection
	GlobalSection(ProjectConfigurationPlatforms) = postSolution
		{E777A9F2-2EB6-4A3F-B2A2-5152E00B6E39}.Debug|x64.ActiveCfg = Debug|x64
		{E777A9F2-2EB6-4A3F-B2A2-5152E00B6E39}.Debug|x64.Build.0 = Debug|x64
		{E777A9F2-2EB6-4A3F-B2A2-5152E00B6E39}.Debug|x86.ActiveCfg = Debug|Win32
		{E777A9F2-2EB6-4A3F-B2A2-5152E00B6E39}.Debug|x86.Build.0 = Debug|Win32
		{E777A9F2-2EB6-4A3F-B2A2-5152E00B6E39}.Release|x64.ActiveCfg = Release|x64
		{E777A9F2-2EB6-4A3F-B2A2-5152E00B6E39}.Release|x64.Build.0 = Release|x64
		{E777A9F2-2EB6-4A3F-B2A2-5152E00B6E39}.Release|x86.ActiveCfg = Release|Win32
		{E777A9F2-2EB6-4A3F-B2A2-5152E00B6E39}.Release|x86.Build.0 = Release|Win32
	EndGlobalSection
	GlobalSection(SolutionProperties) = preSolution
		HideSolutionNode = FALSE
	EndGlobalSection
	GlobalSection(ExtensibilityGlobals) = postSolution
		SolutionGuid = {41FF0E9B-52DE-4A67-8B2A-8BF74A5214FD}
	EndGlobalSection
EndGlobal
